// !$*UTF8*$!
{
	archiveVersion = 1;
	classes = {
	};
	objectVersion = 46;
	objects = {

/* Begin PBXBuildFile section */
		01BFD49B20AD645200952E3F /* JDProductDeViewController.m in Sources */ = {isa = PBXBuildFile; fileRef = 01BFD49A20AD645200952E3F /* JDProductDeViewController.m */; };
		62BA1FBD2609BF497128437E /* libPods-JDProductDetail.a in Frameworks */ = {isa = PBXBuildFile; fileRef = 93BA7BD70C9C80C17D5CECB3 /* libPods-JDProductDetail.a */; };
		EE726DD21F3C37EB000CEEBF /* main.m in Sources */ = {isa = PBXBuildFile; fileRef = EE726DD11F3C37EB000CEEBF /* main.m */; };
		EE726DD51F3C37EB000CEEBF /* AppDelegate.m in Sources */ = {isa = PBXBuildFile; fileRef = EE726DD41F3C37EB000CEEBF /* AppDelegate.m */; };
		EE726DDB1F3C37EB000CEEBF /* Main.storyboard in Resources */ = {isa = PBXBuildFile; fileRef = EE726DD91F3C37EB000CEEBF /* Main.storyboard */; };
		EE726DDD1F3C37EB000CEEBF /* Assets.xcassets in Resources */ = {isa = PBXBuildFile; fileRef = EE726DDC1F3C37EB000CEEBF /* Assets.xcassets */; };
		EE726DE01F3C37EB000CEEBF /* LaunchScreen.storyboard in Resources */ = {isa = PBXBuildFile; fileRef = EE726DDE1F3C37EB000CEEBF /* LaunchScreen.storyboard */; };
/* End PBXBuildFile section */

/* Begin PBXFileReference section */
		01BFD49920AD645200952E3F /* JDProductDeViewController.h */ = {isa = PBXFileReference; lastKnownFileType = sourcecode.c.h; path = JDProductDeViewController.h; sourceTree = "<group>"; };
		01BFD49A20AD645200952E3F /* JDProductDeViewController.m */ = {isa = PBXFileReference; lastKnownFileType = sourcecode.c.objc; path = JDProductDeViewController.m; sourceTree = "<group>"; };
		5FA5362D1388011AE6AA6766 /* Pods-JDProductDetail.release.xcconfig */ = {isa = PBXFileReference; includeInIndex = 1; lastKnownFileType = text.xcconfig; name = "Pods-JDProductDetail.release.xcconfig"; path = "Pods/Target Support Files/Pods-JDProductDetail/Pods-JDProductDetail.release.xcconfig"; sourceTree = "<group>"; };
		93BA7BD70C9C80C17D5CECB3 /* libPods-JDProductDetail.a */ = {isa = PBXFileReference; explicitFileType = archive.ar; includeInIndex = 0; path = "libPods-JDProductDetail.a"; sourceTree = BUILT_PRODUCTS_DIR; };
		CBAAEE9546D4101170574258 /* Pods-JDProductDetail.debug.xcconfig */ = {isa = PBXFileReference; includeInIndex = 1; lastKnownFileType = text.xcconfig; name = "Pods-JDProductDetail.debug.xcconfig"; path = "Pods/Target Support Files/Pods-JDProductDetail/Pods-JDProductDetail.debug.xcconfig"; sourceTree = "<group>"; };
		EE726DCD1F3C37EB000CEEBF /* JDProductDetail.app */ = {isa = PBXFileReference; explicitFileType = wrapper.application; includeInIndex = 0; path = JDProductDetail.app; sourceTree = BUILT_PRODUCTS_DIR; };
		EE726DD11F3C37EB000CEEBF /* main.m */ = {isa = PBXFileReference; lastKnownFileType = sourcecode.c.objc; path = main.m; sourceTree = "<group>"; };
		EE726DD31F3C37EB000CEEBF /* AppDelegate.h */ = {isa = PBXFileReference; lastKnownFileType = sourcecode.c.h; path = AppDelegate.h; sourceTree = "<group>"; };
		EE726DD41F3C37EB000CEEBF /* AppDelegate.m */ = {isa = PBXFileReference; lastKnownFileType = sourcecode.c.objc; path = AppDelegate.m; sourceTree = "<group>"; };
		EE726DDA1F3C37EB000CEEBF /* Base */ = {isa = PBXFileReference; lastKnownFileType = file.storyboard; name = Base; path = Base.lproj/Main.storyboard; sourceTree = "<group>"; };
		EE726DDC1F3C37EB000CEEBF /* Assets.xcassets */ = {isa = PBXFileReference; lastKnownFileType = folder.assetcatalog; path = Assets.xcassets; sourceTree = "<group>"; };
		EE726DDF1F3C37EB000CEEBF /* Base */ = {isa = PBXFileReference; lastKnownFileType = file.storyboard; name = Base; path = Base.lproj/LaunchScreen.storyboard; sourceTree = "<group>"; };
		EE726DE11F3C37EB000CEEBF /* Info.plist */ = {isa = PBXFileReference; lastKnownFileType = text.plist.xml; path = Info.plist; sourceTree = "<group>"; };
/* End PBXFileReference section */

/* Begin PBXFrameworksBuildPhase section */
		EE726DCA1F3C37EB000CEEBF /* Frameworks */ = {
			isa = PBXFrameworksBuildPhase;
			buildActionMask = 2147483647;
			files = (
				62BA1FBD2609BF497128437E /* libPods-JDProductDetail.a in Frameworks */,
			);
			runOnlyForDeploymentPostprocessing = 0;
		};
/* End PBXFrameworksBuildPhase section */

/* Begin PBXGroup section */
		91D3880FC92131D273BF552B /* Frameworks */ = {
			isa = PBXGroup;
			children = (
				93BA7BD70C9C80C17D5CECB3 /* libPods-JDProductDetail.a */,
			);
			name = Frameworks;
			sourceTree = "<group>";
		};
		ECE4F794EFECA53894A28CAF /* Pods */ = {
			isa = PBXGroup;
			children = (
				CBAAEE9546D4101170574258 /* Pods-JDProductDetail.debug.xcconfig */,
				5FA5362D1388011AE6AA6766 /* Pods-JDProductDetail.release.xcconfig */,
			);
			name = Pods;
			sourceTree = "<group>";
		};
		EE726DC41F3C37EB000CEEBF = {
			isa = PBXGroup;
			children = (
				EE726DCF1F3C37EB000CEEBF /* JDProductDetail */,
				EE726DCE1F3C37EB000CEEBF /* Products */,
				ECE4F794EFECA53894A28CAF /* Pods */,
				91D3880FC92131D273BF552B /* Frameworks */,
			);
			sourceTree = "<group>";
		};
		EE726DCE1F3C37EB000CEEBF /* Products */ = {
			isa = PBXGroup;
			children = (
				EE726DCD1F3C37EB000CEEBF /* JDProductDetail.app */,
			);
			name = Products;
			sourceTree = "<group>";
		};
		EE726DCF1F3C37EB000CEEBF /* JDProductDetail */ = {
			isa = PBXGroup;
			children = (
				EE726DD31F3C37EB000CEEBF /* AppDelegate.h */,
				EE726DD41F3C37EB000CEEBF /* AppDelegate.m */,
				01BFD49920AD645200952E3F /* JDProductDeViewController.h */,
				01BFD49A20AD645200952E3F /* JDProductDeViewController.m */,
				EE726DD91F3C37EB000CEEBF /* Main.storyboard */,
				EE726DDC1F3C37EB000CEEBF /* Assets.xcassets */,
				EE726DDE1F3C37EB000CEEBF /* LaunchScreen.storyboard */,
				EE726DE11F3C37EB000CEEBF /* Info.plist */,
				EE726DD01F3C37EB000CEEBF /* Supporting Files */,
			);
			path = JDProductDetail;
			sourceTree = "<group>";
		};
		EE726DD01F3C37EB000CEEBF /* Supporting Files */ = {
			isa = PBXGroup;
			children = (
				EE726DD11F3C37EB000CEEBF /* main.m */,
			);
			name = "Supporting Files";
			sourceTree = "<group>";
		};
/* End PBXGroup section */

/* Begin PBXNativeTarget section */
		EE726DCC1F3C37EB000CEEBF /* JDProductDetail */ = {
			isa = PBXNativeTarget;
			buildConfigurationList = EE726DE41F3C37EB000CEEBF /* Build configuration list for PBXNativeTarget "JDProductDetail" */;
			buildPhases = (
				4CB0C6418B4C999E72DC7F6C /* [CP] Check Pods Manifest.lock */,
				EE726DC91F3C37EB000CEEBF /* Sources */,
				EE726DCA1F3C37EB000CEEBF /* Frameworks */,
				EE726DCB1F3C37EB000CEEBF /* Resources */,
				F5B31B8C4767A622199386D1 /* [CP] Copy Pods Resources */,
			);
			buildRules = (
			);
			dependencies = (
			);
			name = JDProductDetail;
			productName = JDProductDetail;
			productReference = EE726DCD1F3C37EB000CEEBF /* JDProductDetail.app */;
			productType = "com.apple.product-type.application";
		};
/* End PBXNativeTarget section */

/* Begin PBXProject section */
		EE726DC51F3C37EB000CEEBF /* Project object */ = {
			isa = PBXProject;
			attributes = {
				LastUpgradeCheck = 0830;
				ORGANIZATIONNAME = "姜云锋";
				TargetAttributes = {
					EE726DCC1F3C37EB000CEEBF = {
						CreatedOnToolsVersion = 8.3.3;
						DevelopmentTeam = 436R9GKLUT;
						ProvisioningStyle = Manual;
					};
				};
			};
			buildConfigurationList = EE726DC81F3C37EB000CEEBF /* Build configuration list for PBXProject "JDProductDetail" */;
			compatibilityVersion = "Xcode 3.2";
			developmentRegion = English;
			hasScannedForEncodings = 0;
			knownRegions = (
				en,
				Base,
			);
			mainGroup = EE726DC41F3C37EB000CEEBF;
			productRefGroup = EE726DCE1F3C37EB000CEEBF /* Products */;
			projectDirPath = "";
			projectRoot = "";
			targets = (
				EE726DCC1F3C37EB000CEEBF /* JDProductDetail */,
			);
		};
/* End PBXProject section */

/* Begin PBXResourcesBuildPhase section */
		EE726DCB1F3C37EB000CEEBF /* Resources */ = {
			isa = PBXResourcesBuildPhase;
			buildActionMask = 2147483647;
			files = (
				EE726DE01F3C37EB000CEEBF /* LaunchScreen.storyboard in Resources */,
				EE726DDD1F3C37EB000CEEBF /* Assets.xcassets in Resources */,
				EE726DDB1F3C37EB000CEEBF /* Main.storyboard in Resources */,
			);
			runOnlyForDeploymentPostprocessing = 0;
		};
/* End PBXResourcesBuildPhase section */

/* Begin PBXShellScriptBuildPhase section */
		4CB0C6418B4C999E72DC7F6C /* [CP] Check Pods Manifest.lock */ = {
			isa = PBXShellScriptBuildPhase;
			buildActionMask = 2147483647;
			files = (
			);
			inputPaths = (
				"${PODS_PODFILE_DIR_PATH}/Podfile.lock",
				"${PODS_ROOT}/Manifest.lock",
			);
			name = "[CP] Check Pods Manifest.lock";
			outputPaths = (
				"$(DERIVED_FILE_DIR)/Pods-JDProductDetail-checkManifestLockResult.txt",
			);
			runOnlyForDeploymentPostprocessing = 0;
			shellPath = /bin/sh;
			shellScript = "diff \"${PODS_PODFILE_DIR_PATH}/Podfile.lock\" \"${PODS_ROOT}/Manifest.lock\" > /dev/null\nif [ $? != 0 ] ; then\n    # print error to STDERR\n    echo \"error: The sandbox is not in sync with the Podfile.lock. Run 'pod install' or update your CocoaPods installation.\" >&2\n    exit 1\nfi\n# This output is used by Xcode 'outputs' to avoid re-running this script phase.\necho \"SUCCESS\" > \"${SCRIPT_OUTPUT_FILE_0}\"\n";
			showEnvVarsInLog = 0;
		};
		F5B31B8C4767A622199386D1 /* [CP] Copy Pods Resources */ = {
			isa = PBXShellScriptBuildPhase;
			buildActionMask = 2147483647;
			files = (
			);
			inputPaths = (
				"${SRCROOT}/Pods/Target Support Files/Pods-JDProductDetail/Pods-JDProductDetail-resources.sh",
				"${PODS_ROOT}/MJRefresh/MJRefresh/MJRefresh.bundle",
			);
			name = "[CP] Copy Pods Resources";
			outputPaths = (
				"${TARGET_BUILD_DIR}/${UNLOCALIZED_RESOURCES_FOLDER_PATH}/MJRefresh.bundle",
			);
			runOnlyForDeploymentPostprocessing = 0;
			shellPath = /bin/sh;
			shellScript = "\"${SRCROOT}/Pods/Target Support Files/Pods-JDProductDetail/Pods-JDProductDetail-resources.sh\"\n";
			showEnvVarsInLog = 0;
		};
/* End PBXShellScriptBuildPhase section */

/* Begin PBXSourcesBuildPhase section */
		EE726DC91F3C37EB000CEEBF /* Sources */ = {
			isa = PBXSourcesBuildPhase;
			buildActionMask = 2147483647;
			files = (
				01BFD49B20AD645200952E3F /* JDProductDeViewController.m in Sources */,
				EE726DD51F3C37EB000CEEBF /* AppDelegate.m in Sources */,
				EE726DD21F3C37EB000CEEBF /* main.m in Sources */,
			);
			runOnlyForDeploymentPostprocessing = 0;
		};
/* End PBXSourcesBuildPhase section */

/* Begin PBXVariantGroup section */
		EE726DD91F3C37EB000CEEBF /* Main.storyboard */ = {
			isa = PBXVariantGroup;
			children = (
				EE726DDA1F3C37EB000CEEBF /* Base */,
			);
			name = Main.storyboard;
			sourceTree = "<group>";
		};
		EE726DDE1F3C37EB000CEEBF /* LaunchScreen.storyboard */ = {
			isa = PBXVariantGroup;
			children = (
				EE726DDF1F3C37EB000CEEBF /* Base */,
			);
			name = LaunchScreen.storyboard;
			sourceTree = "<group>";
		};
/* End PBXVariantGroup section */

/* Begin XCBuildConfiguration section */
		EE726DE21F3C37EB000CEEBF /* Debug */ = {
			isa = XCBuildConfiguration;
			buildSettings = {
				ALWAYS_SEARCH_USER_PATHS = NO;
				CLANG_ANALYZER_NONNULL = YES;
				CLANG_ANALYZER_NUMBER_OBJECT_CONVERSION = YES_AGGRESSIVE;
				CLANG_CXX_LANGUAGE_STANDARD = "gnu++0x";
				CLANG_CXX_LIBRARY = "libc++";
				CLANG_ENABLE_MODULES = YES;
				CLANG_ENABLE_OBJC_ARC = YES;
				CLANG_WARN_BOOL_CONVERSION = YES;
				CLANG_WARN_CONSTANT_CONVERSION = YES;
				CLANG_WARN_DIRECT_OBJC_ISA_USAGE = YES_ERROR;
				CLANG_WARN_DOCUMENTATION_COMMENTS = YES;
				CLANG_WARN_EMPTY_BODY = YES;
				CLANG_WARN_ENUM_CONVERSION = YES;
				CLANG_WARN_INFINITE_RECURSION = YES;
				CLANG_WARN_INT_CONVERSION = YES;
				CLANG_WARN_OBJC_ROOT_CLASS = YES_ERROR;
				CLANG_WARN_SUSPICIOUS_MOVE = YES;
				CLANG_WARN_UNREACHABLE_CODE = YES;
				CLANG_WARN__DUPLICATE_METHOD_MATCH = YES;
				"CODE_SIGN_IDENTITY[sdk=iphoneos*]" = "iPhone Developer";
				COPY_PHASE_STRIP = NO;
				DEBUG_INFORMATION_FORMAT = dwarf;
				ENABLE_STRICT_OBJC_MSGSEND = YES;
				ENABLE_TESTABILITY = YES;
				GCC_C_LANGUAGE_STANDARD = gnu99;
				GCC_DYNAMIC_NO_PIC = NO;
				GCC_NO_COMMON_BLOCKS = YES;
				GCC_OPTIMIZATION_LEVEL = 0;
				GCC_PREPROCESSOR_DEFINITIONS = (
					"DEBUG=1",
					"$(inherited)",
				);
				GCC_WARN_64_TO_32_BIT_CONVERSION = YES;
				GCC_WARN_ABOUT_RETURN_TYPE = YES_ERROR;
				GCC_WARN_UNDECLARED_SELECTOR = YES;
				GCC_WARN_UNINITIALIZED_AUTOS = YES_AGGRESSIVE;
				GCC_WARN_UNUSED_FUNCTION = YES;
				GCC_WARN_UNUSED_VARIABLE = YES;
				IPHONEOS_DEPLOYMENT_TARGET = 8.0;
				MTL_ENABLE_DEBUG_INFO = YES;
				ONLY_ACTIVE_ARCH = YES;
				SDKROOT = iphoneos;
			};
			name = Debug;
		};
		EE726DE31F3C37EB000CEEBF /* Release */ = {
			isa = XCBuildConfiguration;
			buildSettings = {
				ALWAYS_SEARCH_USER_PATHS = NO;
				CLANG_ANALYZER_NONNULL = YES;
				CLANG_ANALYZER_NUMBER_OBJECT_CONVERSION = YES_AGGRESSIVE;
				CLANG_CXX_LANGUAGE_STANDARD = "gnu++0x";
				CLANG_CXX_LIBRARY = "libc++";
				CLANG_ENABLE_MODULES = YES;
				CLANG_ENABLE_OBJC_ARC = YES;
				CLANG_WARN_BOOL_CONVERSION = YES;
				CLANG_WARN_CONSTANT_CONVERSION = YES;
				CLANG_WARN_DIRECT_OBJC_ISA_USAGE = YES_ERROR;
				CLANG_WARN_DOCUMENTATION_COMMENTS = YES;
				CLANG_WARN_EMPTY_BODY = YES;
				CLANG_WARN_ENUM_CONVERSION = YES;
				CLANG_WARN_INFINITE_RECURSION = YES;
				CLANG_WARN_INT_CONVERSION = YES;
				CLANG_WARN_OBJC_ROOT_CLASS = YES_ERROR;
				CLANG_WARN_SUSPICIOUS_MOVE = YES;
				CLANG_WARN_UNREACHABLE_CODE = YES;
				CLANG_WARN__DUPLICATE_METHOD_MATCH = YES;
				"CODE_SIGN_IDENTITY[sdk=iphoneos*]" = "iPhone Developer";
				COPY_PHASE_STRIP = NO;
				DEBUG_INFORMATION_FORMAT = "dwarf-with-dsym";
				ENABLE_NS_ASSERTIONS = NO;
				ENABLE_STRICT_OBJC_MSGSEND = YES;
				GCC_C_LANGUAGE_STANDARD = gnu99;
				GCC_NO_COMMON_BLOCKS = YES;
				GCC_WARN_64_TO_32_BIT_CONVERSION = YES;
				GCC_WARN_ABOUT_RETURN_TYPE = YES_ERROR;
				GCC_WARN_UNDECLARED_SELECTOR = YES;
				GCC_WARN_UNINITIALIZED_AUTOS = YES_AGGRESSIVE;
				GCC_WARN_UNUSED_FUNCTION = YES;
				GCC_WARN_UNUSED_VARIABLE = YES;
				IPHONEOS_DEPLOYMENT_TARGET = 8.0;
				MTL_ENABLE_DEBUG_INFO = NO;
				SDKROOT = iphoneos;
				VALIDATE_PRODUCT = YES;
			};
			name = Release;
		};
		EE726DE51F3C37EB000CEEBF /* Debug */ = {
			isa = XCBuildConfiguration;
			baseConfigurationReference = CBAAEE9546D4101170574258 /* Pods-JDProductDetail.debug.xcconfig */;
			buildSettings = {
				ASSETCATALOG_COMPILER_APPICON_NAME = AppIcon;
				CODE_SIGN_STYLE = Manual;
				DEVELOPMENT_TEAM = 436R9GKLUT;
				INFOPLIST_FILE = JDProductDetail/Info.plist;
				LD_RUNPATH_SEARCH_PATHS = "$(inherited) @executable_path/Frameworks";
				PRODUCT_BUNDLE_IDENTIFIER = com.didapinche.taxi.driver;
				PRODUCT_NAME = "$(TARGET_NAME)";
				PROVISIONING_PROFILE = "0a2800f3-39a5-4ace-a77b-54f1509a11fe";
				PROVISIONING_PROFILE_SPECIFIER = "iOS Development: TaxiDriver";
			};
			name = Debug;
		};
		EE726DE61F3C37EB000CEEBF /* Release */ = {
			isa = XCBuildConfiguration;
			baseConfigurationReference = 5FA5362D1388011AE6AA6766 /* Pods-JDProductDetail.release.xcconfig */;
			buildSettings = {
				ASSETCATALOG_COMPILER_APPICON_NAME = AppIcon;
				CODE_SIGN_STYLE = Manual;
				DEVELOPMENT_TEAM = 436R9GKLUT;
				INFOPLIST_FILE = JDProductDetail/Info.plist;
				LD_RUNPATH_SEARCH_PATHS = "$(inherited) @executable_path/Frameworks";
				PRODUCT_BUNDLE_IDENTIFIER = com.didapinche.taxi.driver;
				PRODUCT_NAME = "$(TARGET_NAME)";
				PROVISIONING_PROFILE = "0a2800f3-39a5-4ace-a77b-54f1509a11fe";
				PROVISIONING_PROFILE_SPECIFIER = "iOS Development: TaxiDriver";
			};
			name = Release;
		};
/* End XCBuildConfiguration section */

/* Begin XCConfigurationList section */
		EE726DC81F3C37EB000CEEBF /* Build configuration list for PBXProject "JDProductDetail" */ = {
			isa = XCConfigurationList;
			buildConfigurations = (
				EE726DE21F3C37EB000CEEBF /* Debug */,
				EE726DE31F3C37EB000CEEBF /* Release */,
			);
			defaultConfigurationIsVisible = 0;
			defaultConfigurationName = Release;
		};
		EE726DE41F3C37EB000CEEBF /* Build configuration list for PBXNativeTarget "JDProductDetail" */ = {
			isa = XCConfigurationList;
			buildConfigurations = (
				EE726DE51F3C37EB000CEEBF /* Debug */,
				EE726DE61F3C37EB000CEEBF /* Release */,
			);
			defaultConfigurationIsVisible = 0;
			defaultConfigurationName = Release;
		};
/* End XCConfigurationList section */
	};
	rootObject = EE726DC51F3C37EB000CEEBF /* Project object */;
}
